Microsoft Visual Studio Solution File, Format Version 12.00
# Visual Studio 15
Project("{8BC9CEB8-8B4A-11D0-8D11-00A0C91BC942}") = "ALL_BUILD", "ALL_BUILD.vcxproj", "{6BB0CC20-FBC8-338F-9CD3-1C8CAA208C1C}"
	ProjectSection(ProjectDependencies) = postProject
		{A1BBF35D-C801-38E9-83C5-03FD343D075D} = {A1BBF35D-C801-38E9-83C5-03FD343D075D}
		{BE1F9C2B-9BC0-39C9-B239-1F9CFD614144} = {BE1F9C2B-9BC0-39C9-B239-1F9CFD614144}
	EndProjectSection
EndProject
Project("{8BC9CEB8-8B4A-11D0-8D11-00A0C91BC942}") = "Box2D", "Box2D\Box2D.vcxproj", "{A1BBF35D-C801-38E9-83C5-03FD343D075D}"
	ProjectSection(ProjectDependencies) = postProject
		{BE1F9C2B-9BC0-39C9-B239-1F9CFD614144} = {BE1F9C2B-9BC0-39C9-B239-1F9CFD614144}
	EndProjectSection
EndProject
Project("{8BC9CEB8-8B4A-11D0-8D11-00A0C91BC942}") = "ZERO_CHECK", "ZERO_CHECK.vcxproj", "{BE1F9C2B-9BC0-39C9-B239-1F9CFD614144}"
	ProjectSection(ProjectDependencies) = postProject
	EndProjectSection
EndProject
Global
	GlobalSection(SolutionConfigurationPlatforms) = preSolution
		Debug|Win32 = Debug|Win32
		Release|Win32 = Release|Win32
		MinSizeRel|Win32 = MinSizeRel|Win32
		RelWithDebInfo|Win32 = RelWithDebInfo|Win32
	EndGlobalSection
	GlobalSection(ProjectConfigurationPlatforms) = postSolution
		{6BB0CC20-FBC8-338F-9CD3-1C8CAA208C1C}.Debug|Win32.ActiveCfg = Debug|Win32
		{6BB0CC20-FBC8-338F-9CD3-1C8CAA208C1C}.Release|Win32.ActiveCfg = Release|Win32
		{6BB0CC20-FBC8-338F-9CD3-1C8CAA208C1C}.MinSizeRel|Win32.ActiveCfg = MinSizeRel|Win32
		{6BB0CC20-FBC8-338F-9CD3-1C8CAA208C1C}.RelWithDebInfo|Win32.ActiveCfg = RelWithDebInfo|Win32
		{A1BBF35D-C801-38E9-83C5-03FD343D075D}.Debug|Win32.ActiveCfg = Debug|Win32
		{A1BBF35D-C801-38E9-83C5-03FD343D075D}.Debug|Win32.Build.0 = Debug|Win32
		{A1BBF35D-C801-38E9-83C5-03FD343D075D}.Release|Win32.ActiveCfg = Release|Win32
		{A1BBF35D-C801-38E9-83C5-03FD343D075D}.Release|Win32.Build.0 = Release|Win32
		{A1BBF35D-C801-38E9-83C5-03FD343D075D}.MinSizeRel|Win32.ActiveCfg = MinSizeRel|Win32
		{A1BBF35D-C801-38E9-83C5-03FD343D075D}.MinSizeRel|Win32.Build.0 = MinSizeRel|Win32
		{A1BBF35D-C801-38E9-83C5-03FD343D075D}.RelWithDebInfo|Win32.ActiveCfg = RelWithDebInfo|Win32
		{A1BBF35D-C801-38E9-83C5-03FD343D075D}.RelWithDebInfo|Win32.Build.0 = RelWithDebInfo|Win32
		{BE1F9C2B-9BC0-39C9-B239-1F9CFD614144}.Debug|Win32.ActiveCfg = Debug|Win32
		{BE1F9C2B-9BC0-39C9-B239-1F9CFD614144}.Debug|Win32.Build.0 = Debug|Win32
		{BE1F9C2B-9BC0-39C9-B239-1F9CFD614144}.Release|Win32.ActiveCfg = Release|Win32
		{BE1F9C2B-9BC0-39C9-B239-1F9CFD614144}.Release|Win32.Build.0 = Release|Win32
		{BE1F9C2B-9BC0-39C9-B239-1F9CFD614144}.MinSizeRel|Win32.ActiveCfg = MinSizeRel|Win32
		{BE1F9C2B-9BC0-39C9-B239-1F9CFD614144}.MinSizeRel|Win32.Build.0 = MinSizeRel|Win32
		{BE1F9C2B-9BC0-39C9-B239-1F9CFD614144}.RelWithDebInfo|Win32.ActiveCfg = RelWithDebInfo|Win32
		{BE1F9C2B-9BC0-39C9-B239-1F9CFD614144}.RelWithDebInfo|Win32.Build.0 = RelWithDebInfo|Win32
	EndGlobalSection
	GlobalSection(ExtensibilityGlobals) = postSolution
		SolutionGuid = {8345AECF-4B7A-32BC-B02B-A225C0A3C30C}
	EndGlobalSection
	GlobalSection(ExtensibilityAddIns) = postSolution
	EndGlobalSection
EndGlobal
