Microsoft Visual Studio Solution File, Format Version 12.00
# Visual Studio 2013
Project("{8BC9CEB8-8B4A-11D0-8D11-00A0C91BC942}") = "ALL_BUILD", "ALL_BUILD.vcxproj", "{D7F8F3CA-D885-498C-857D-31EECB9F4DF0}"
	ProjectSection(ProjectDependencies) = postProject
		{C119F7E6-ABD6-4E05-9996-8B3FA85B517F} = {C119F7E6-ABD6-4E05-9996-8B3FA85B517F}
		{E4AC28C9-CFE2-40FA-B9D2-02E758B461D0} = {E4AC28C9-CFE2-40FA-B9D2-02E758B461D0}
	EndProjectSection
EndProject
Project("{8BC9CEB8-8B4A-11D0-8D11-00A0C91BC942}") = "Box2D", "Box2D\Box2D.vcxproj", "{C119F7E6-ABD6-4E05-9996-8B3FA85B517F}"
	ProjectSection(ProjectDependencies) = postProject
		{E4AC28C9-CFE2-40FA-B9D2-02E758B461D0} = {E4AC28C9-CFE2-40FA-B9D2-02E758B461D0}
	EndProjectSection
EndProject
Project("{8BC9CEB8-8B4A-11D0-8D11-00A0C91BC942}") = "ZERO_CHECK", "ZERO_CHECK.vcxproj", "{E4AC28C9-CFE2-40FA-B9D2-02E758B461D0}"
	ProjectSection(ProjectDependencies) = postProject
	EndProjectSection
EndProject
Global
	GlobalSection(SolutionConfigurationPlatforms) = preSolution
		Debug|Win32 = Debug|Win32
		Release|Win32 = Release|Win32
		MinSizeRel|Win32 = MinSizeRel|Win32
		RelWithDebInfo|Win32 = RelWithDebInfo|Win32
	EndGlobalSection
	GlobalSection(ProjectConfigurationPlatforms) = postSolution
		{D7F8F3CA-D885-498C-857D-31EECB9F4DF0}.Debug|Win32.ActiveCfg = Debug|Win32
		{D7F8F3CA-D885-498C-857D-31EECB9F4DF0}.Release|Win32.ActiveCfg = Release|Win32
		{D7F8F3CA-D885-498C-857D-31EECB9F4DF0}.MinSizeRel|Win32.ActiveCfg = MinSizeRel|Win32
		{D7F8F3CA-D885-498C-857D-31EECB9F4DF0}.RelWithDebInfo|Win32.ActiveCfg = RelWithDebInfo|Win32
		{C119F7E6-ABD6-4E05-9996-8B3FA85B517F}.Debug|Win32.ActiveCfg = Debug|Win32
		{C119F7E6-ABD6-4E05-9996-8B3FA85B517F}.Debug|Win32.Build.0 = Debug|Win32
		{C119F7E6-ABD6-4E05-9996-8B3FA85B517F}.Release|Win32.ActiveCfg = Release|Win32
		{C119F7E6-ABD6-4E05-9996-8B3FA85B517F}.Release|Win32.Build.0 = Release|Win32
		{C119F7E6-ABD6-4E05-9996-8B3FA85B517F}.MinSizeRel|Win32.ActiveCfg = MinSizeRel|Win32
		{C119F7E6-ABD6-4E05-9996-8B3FA85B517F}.MinSizeRel|Win32.Build.0 = MinSizeRel|Win32
		{C119F7E6-ABD6-4E05-9996-8B3FA85B517F}.RelWithDebInfo|Win32.ActiveCfg = RelWithDebInfo|Win32
		{C119F7E6-ABD6-4E05-9996-8B3FA85B517F}.RelWithDebInfo|Win32.Build.0 = RelWithDebInfo|Win32
		{E4AC28C9-CFE2-40FA-B9D2-02E758B461D0}.Debug|Win32.ActiveCfg = Debug|Win32
		{E4AC28C9-CFE2-40FA-B9D2-02E758B461D0}.Debug|Win32.Build.0 = Debug|Win32
		{E4AC28C9-CFE2-40FA-B9D2-02E758B461D0}.Release|Win32.ActiveCfg = Release|Win32
		{E4AC28C9-CFE2-40FA-B9D2-02E758B461D0}.Release|Win32.Build.0 = Release|Win32
		{E4AC28C9-CFE2-40FA-B9D2-02E758B461D0}.MinSizeRel|Win32.ActiveCfg = MinSizeRel|Win32
		{E4AC28C9-CFE2-40FA-B9D2-02E758B461D0}.MinSizeRel|Win32.Build.0 = MinSizeRel|Win32
		{E4AC28C9-CFE2-40FA-B9D2-02E758B461D0}.RelWithDebInfo|Win32.ActiveCfg = RelWithDebInfo|Win32
		{E4AC28C9-CFE2-40FA-B9D2-02E758B461D0}.RelWithDebInfo|Win32.Build.0 = RelWithDebInfo|Win32
	EndGlobalSection
	GlobalSection(ExtensibilityGlobals) = postSolution
	EndGlobalSection
	GlobalSection(ExtensibilityAddIns) = postSolution
	EndGlobalSection
EndGlobal
