<?xml version="1.0" encoding="utf-8"?>
<Project ToolsVersion="15.0" xmlns="http://schemas.microsoft.com/developer/msbuild/2003">
  <ItemGroup>
    <CustomBuild Include="C:\Users\pjasi\github\OpenClaw\Box2D\CMakeFiles\a530ed11507a730d886953733808a69a\generate.stamp.rule">
      <Filter>CMake Rules</Filter>
    </CustomBuild>
  </ItemGroup>
  <ItemGroup>
    <Filter Include="CMake Rules">
      <UniqueIdentifier>{BA8AA288-0993-3F31-8E04-941DDF899959}</UniqueIdentifier>
    </Filter>
  </ItemGroup>
</Project>
