Microsoft Visual Studio Solution File, Format Version 12.00
# Visual Studio 15
VisualStudioVersion = 15.0.27130.2036
MinimumVisualStudioVersion = 10.0.40219.1
Project("{8BC9CEB8-8B4A-11D0-8D11-00A0C91BC942}") = "OpenClaw", "OpenClaw\OpenClaw.vcxproj", "{0033341D-8037-4402-ACBA-53B712AACF28}"
EndProject
Project("{8BC9CEB8-8B4A-11D0-8D11-00A0C91BC942}") = "MidiProc", "MidiProc\MidiProc.vcxproj", "{44381FA1-5A3D-4DF2-BD2B-158830D59390}"
EndProject
Project("{8BC9CEB8-8B4A-11D0-8D11-00A0C91BC942}") = "tinyxml", "ThirdParty\Tinyxml\tinyxml_lib.vcxproj", "{C406DAEC-0886-4771-8DEA-9D7329B46CC1}"
EndProject
Project("{8BC9CEB8-8B4A-11D0-8D11-00A0C91BC942}") = "libwap", "libwap\libwap.vcxproj", "{44DE8119-3F2C-488B-A705-5FC07D880284}"
EndProject
Project("{8BC9CEB8-8B4A-11D0-8D11-00A0C91BC942}") = "libwap_tests", "libwap_tests\libwap_tests.vcxproj", "{1F6743B1-3B59-4418-9FB0-6AA17266F14F}"
EndProject
Project("{8BC9CEB8-8B4A-11D0-8D11-00A0C91BC942}") = "Box2D", "Box2D\Box2D\Box2D.vcxproj", "{A1BBF35D-C801-38E9-83C5-03FD343D075D}"
EndProject
Project("{8BC9CEB8-8B4A-11D0-8D11-00A0C91BC942}") = "Box2D_INSTALL", "Box2D\INSTALL.vcxproj", "{3E08BC81-0267-41DF-93D2-41CCC4BAE5F2}"
EndProject
Project("{FAE04EC0-301F-11D3-BF4B-00C04F79EFBC}") = "ClawLauncher", "ClawLauncher\ClawLauncher.csproj", "{B8D8BD01-116E-4880-9774-6EFB5E809825}"
EndProject
Project("{8BC9CEB8-8B4A-11D0-8D11-00A0C91BC942}") = "libsigc++3", "libsigc++3\libsigc++3\libsigc++3.vcxproj", "{894C0326-4C3E-4C47-A718-3B6945E55DE8}"
EndProject
Global
	GlobalSection(SolutionConfigurationPlatforms) = preSolution
		Debug|Any CPU = Debug|Any CPU
		Debug|Mixed Platforms = Debug|Mixed Platforms
		Debug|Win32 = Debug|Win32
		Debug|x64 = Debug|x64
		DLL_Release|Any CPU = DLL_Release|Any CPU
		DLL_Release|Mixed Platforms = DLL_Release|Mixed Platforms
		DLL_Release|Win32 = DLL_Release|Win32
		DLL_Release|x64 = DLL_Release|x64
		MinSizeRel|Any CPU = MinSizeRel|Any CPU
		MinSizeRel|Mixed Platforms = MinSizeRel|Mixed Platforms
		MinSizeRel|Win32 = MinSizeRel|Win32
		MinSizeRel|x64 = MinSizeRel|x64
		Release|Any CPU = Release|Any CPU
		Release|Mixed Platforms = Release|Mixed Platforms
		Release|Win32 = Release|Win32
		Release|x64 = Release|x64
		RelWithDebInfo|Any CPU = RelWithDebInfo|Any CPU
		RelWithDebInfo|Mixed Platforms = RelWithDebInfo|Mixed Platforms
		RelWithDebInfo|Win32 = RelWithDebInfo|Win32
		RelWithDebInfo|x64 = RelWithDebInfo|x64
	EndGlobalSection
	GlobalSection(ProjectConfigurationPlatforms) = postSolution
		{0033341D-8037-4402-ACBA-53B712AACF28}.Debug|Any CPU.ActiveCfg = Debug|Win32
		{0033341D-8037-4402-ACBA-53B712AACF28}.Debug|Mixed Platforms.ActiveCfg = Debug|Win32
		{0033341D-8037-4402-ACBA-53B712AACF28}.Debug|Mixed Platforms.Build.0 = Debug|Win32
		{0033341D-8037-4402-ACBA-53B712AACF28}.Debug|Win32.ActiveCfg = Debug|Win32
		{0033341D-8037-4402-ACBA-53B712AACF28}.Debug|Win32.Build.0 = Debug|Win32
		{0033341D-8037-4402-ACBA-53B712AACF28}.Debug|x64.ActiveCfg = Debug|Win32
		{0033341D-8037-4402-ACBA-53B712AACF28}.DLL_Release|Any CPU.ActiveCfg = Release|Win32
		{0033341D-8037-4402-ACBA-53B712AACF28}.DLL_Release|Mixed Platforms.ActiveCfg = Release|Win32
		{0033341D-8037-4402-ACBA-53B712AACF28}.DLL_Release|Mixed Platforms.Build.0 = Release|Win32
		{0033341D-8037-4402-ACBA-53B712AACF28}.DLL_Release|Win32.ActiveCfg = Release|Win32
		{0033341D-8037-4402-ACBA-53B712AACF28}.DLL_Release|Win32.Build.0 = Release|Win32
		{0033341D-8037-4402-ACBA-53B712AACF28}.DLL_Release|x64.ActiveCfg = Release|Win32
		{0033341D-8037-4402-ACBA-53B712AACF28}.DLL_Release|x64.Build.0 = Release|Win32
		{0033341D-8037-4402-ACBA-53B712AACF28}.MinSizeRel|Any CPU.ActiveCfg = Release|Win32
		{0033341D-8037-4402-ACBA-53B712AACF28}.MinSizeRel|Mixed Platforms.ActiveCfg = Release|Win32
		{0033341D-8037-4402-ACBA-53B712AACF28}.MinSizeRel|Mixed Platforms.Build.0 = Release|Win32
		{0033341D-8037-4402-ACBA-53B712AACF28}.MinSizeRel|Win32.ActiveCfg = Release|Win32
		{0033341D-8037-4402-ACBA-53B712AACF28}.MinSizeRel|Win32.Build.0 = Release|Win32
		{0033341D-8037-4402-ACBA-53B712AACF28}.MinSizeRel|x64.ActiveCfg = Release|Win32
		{0033341D-8037-4402-ACBA-53B712AACF28}.MinSizeRel|x64.Build.0 = Release|Win32
		{0033341D-8037-4402-ACBA-53B712AACF28}.Release|Any CPU.ActiveCfg = Release|Win32
		{0033341D-8037-4402-ACBA-53B712AACF28}.Release|Mixed Platforms.ActiveCfg = Release|Win32
		{0033341D-8037-4402-ACBA-53B712AACF28}.Release|Mixed Platforms.Build.0 = Release|Win32
		{0033341D-8037-4402-ACBA-53B712AACF28}.Release|Win32.ActiveCfg = Release|Win32
		{0033341D-8037-4402-ACBA-53B712AACF28}.Release|Win32.Build.0 = Release|Win32
		{0033341D-8037-4402-ACBA-53B712AACF28}.Release|x64.ActiveCfg = Release|Win32
		{0033341D-8037-4402-ACBA-53B712AACF28}.RelWithDebInfo|Any CPU.ActiveCfg = Release|Win32
		{0033341D-8037-4402-ACBA-53B712AACF28}.RelWithDebInfo|Mixed Platforms.ActiveCfg = Release|Win32
		{0033341D-8037-4402-ACBA-53B712AACF28}.RelWithDebInfo|Mixed Platforms.Build.0 = Release|Win32
		{0033341D-8037-4402-ACBA-53B712AACF28}.RelWithDebInfo|Win32.ActiveCfg = Release|Win32
		{0033341D-8037-4402-ACBA-53B712AACF28}.RelWithDebInfo|Win32.Build.0 = Release|Win32
		{0033341D-8037-4402-ACBA-53B712AACF28}.RelWithDebInfo|x64.ActiveCfg = Release|Win32
		{0033341D-8037-4402-ACBA-53B712AACF28}.RelWithDebInfo|x64.Build.0 = Release|Win32
		{44381FA1-5A3D-4DF2-BD2B-158830D59390}.Debug|Any CPU.ActiveCfg = Debug|Win32
		{44381FA1-5A3D-4DF2-BD2B-158830D59390}.Debug|Mixed Platforms.ActiveCfg = Debug|Win32
		{44381FA1-5A3D-4DF2-BD2B-158830D59390}.Debug|Mixed Platforms.Build.0 = Debug|Win32
		{44381FA1-5A3D-4DF2-BD2B-158830D59390}.Debug|Win32.ActiveCfg = Debug|Win32
		{44381FA1-5A3D-4DF2-BD2B-158830D59390}.Debug|Win32.Build.0 = Debug|Win32
		{44381FA1-5A3D-4DF2-BD2B-158830D59390}.Debug|x64.ActiveCfg = Debug|Win32
		{44381FA1-5A3D-4DF2-BD2B-158830D59390}.DLL_Release|Any CPU.ActiveCfg = Release|Win32
		{44381FA1-5A3D-4DF2-BD2B-158830D59390}.DLL_Release|Mixed Platforms.ActiveCfg = Release|Win32
		{44381FA1-5A3D-4DF2-BD2B-158830D59390}.DLL_Release|Mixed Platforms.Build.0 = Release|Win32
		{44381FA1-5A3D-4DF2-BD2B-158830D59390}.DLL_Release|Win32.ActiveCfg = Release|Win32
		{44381FA1-5A3D-4DF2-BD2B-158830D59390}.DLL_Release|Win32.Build.0 = Release|Win32
		{44381FA1-5A3D-4DF2-BD2B-158830D59390}.DLL_Release|x64.ActiveCfg = Release|Win32
		{44381FA1-5A3D-4DF2-BD2B-158830D59390}.DLL_Release|x64.Build.0 = Release|Win32
		{44381FA1-5A3D-4DF2-BD2B-158830D59390}.DLL_Release|x64.Deploy.0 = Release|Win32
		{44381FA1-5A3D-4DF2-BD2B-158830D59390}.MinSizeRel|Any CPU.ActiveCfg = Release|Win32
		{44381FA1-5A3D-4DF2-BD2B-158830D59390}.MinSizeRel|Mixed Platforms.ActiveCfg = Release|Win32
		{44381FA1-5A3D-4DF2-BD2B-158830D59390}.MinSizeRel|Mixed Platforms.Build.0 = Release|Win32
		{44381FA1-5A3D-4DF2-BD2B-158830D59390}.MinSizeRel|Win32.ActiveCfg = Release|Win32
		{44381FA1-5A3D-4DF2-BD2B-158830D59390}.MinSizeRel|Win32.Build.0 = Release|Win32
		{44381FA1-5A3D-4DF2-BD2B-158830D59390}.MinSizeRel|x64.ActiveCfg = Release|Win32
		{44381FA1-5A3D-4DF2-BD2B-158830D59390}.MinSizeRel|x64.Build.0 = Release|Win32
		{44381FA1-5A3D-4DF2-BD2B-158830D59390}.MinSizeRel|x64.Deploy.0 = Release|Win32
		{44381FA1-5A3D-4DF2-BD2B-158830D59390}.Release|Any CPU.ActiveCfg = Release|Win32
		{44381FA1-5A3D-4DF2-BD2B-158830D59390}.Release|Mixed Platforms.ActiveCfg = Release|Win32
		{44381FA1-5A3D-4DF2-BD2B-158830D59390}.Release|Mixed Platforms.Build.0 = Release|Win32
		{44381FA1-5A3D-4DF2-BD2B-158830D59390}.Release|Win32.ActiveCfg = Release|Win32
		{44381FA1-5A3D-4DF2-BD2B-158830D59390}.Release|Win32.Build.0 = Release|Win32
		{44381FA1-5A3D-4DF2-BD2B-158830D59390}.Release|x64.ActiveCfg = Release|Win32
		{44381FA1-5A3D-4DF2-BD2B-158830D59390}.RelWithDebInfo|Any CPU.ActiveCfg = Release|Win32
		{44381FA1-5A3D-4DF2-BD2B-158830D59390}.RelWithDebInfo|Mixed Platforms.ActiveCfg = Release|Win32
		{44381FA1-5A3D-4DF2-BD2B-158830D59390}.RelWithDebInfo|Mixed Platforms.Build.0 = Release|Win32
		{44381FA1-5A3D-4DF2-BD2B-158830D59390}.RelWithDebInfo|Win32.ActiveCfg = Release|Win32
		{44381FA1-5A3D-4DF2-BD2B-158830D59390}.RelWithDebInfo|Win32.Build.0 = Release|Win32
		{44381FA1-5A3D-4DF2-BD2B-158830D59390}.RelWithDebInfo|x64.ActiveCfg = Release|Win32
		{44381FA1-5A3D-4DF2-BD2B-158830D59390}.RelWithDebInfo|x64.Build.0 = Release|Win32
		{44381FA1-5A3D-4DF2-BD2B-158830D59390}.RelWithDebInfo|x64.Deploy.0 = Release|Win32
		{C406DAEC-0886-4771-8DEA-9D7329B46CC1}.Debug|Any CPU.ActiveCfg = Debug|Win32
		{C406DAEC-0886-4771-8DEA-9D7329B46CC1}.Debug|Mixed Platforms.ActiveCfg = Debug|Win32
		{C406DAEC-0886-4771-8DEA-9D7329B46CC1}.Debug|Mixed Platforms.Build.0 = Debug|Win32
		{C406DAEC-0886-4771-8DEA-9D7329B46CC1}.Debug|Win32.ActiveCfg = Debug|Win32
		{C406DAEC-0886-4771-8DEA-9D7329B46CC1}.Debug|Win32.Build.0 = Debug|Win32
		{C406DAEC-0886-4771-8DEA-9D7329B46CC1}.Debug|x64.ActiveCfg = Debug|Win32
		{C406DAEC-0886-4771-8DEA-9D7329B46CC1}.DLL_Release|Any CPU.ActiveCfg = Release|Win32
		{C406DAEC-0886-4771-8DEA-9D7329B46CC1}.DLL_Release|Mixed Platforms.ActiveCfg = Release|Win32
		{C406DAEC-0886-4771-8DEA-9D7329B46CC1}.DLL_Release|Mixed Platforms.Build.0 = Release|Win32
		{C406DAEC-0886-4771-8DEA-9D7329B46CC1}.DLL_Release|Win32.ActiveCfg = Release|Win32
		{C406DAEC-0886-4771-8DEA-9D7329B46CC1}.DLL_Release|Win32.Build.0 = Release|Win32
		{C406DAEC-0886-4771-8DEA-9D7329B46CC1}.DLL_Release|x64.ActiveCfg = Release|Win32
		{C406DAEC-0886-4771-8DEA-9D7329B46CC1}.DLL_Release|x64.Build.0 = Release|Win32
		{C406DAEC-0886-4771-8DEA-9D7329B46CC1}.DLL_Release|x64.Deploy.0 = Release|Win32
		{C406DAEC-0886-4771-8DEA-9D7329B46CC1}.MinSizeRel|Any CPU.ActiveCfg = Release|Win32
		{C406DAEC-0886-4771-8DEA-9D7329B46CC1}.MinSizeRel|Mixed Platforms.ActiveCfg = Release|Win32
		{C406DAEC-0886-4771-8DEA-9D7329B46CC1}.MinSizeRel|Mixed Platforms.Build.0 = Release|Win32
		{C406DAEC-0886-4771-8DEA-9D7329B46CC1}.MinSizeRel|Win32.ActiveCfg = Release|Win32
		{C406DAEC-0886-4771-8DEA-9D7329B46CC1}.MinSizeRel|Win32.Build.0 = Release|Win32
		{C406DAEC-0886-4771-8DEA-9D7329B46CC1}.MinSizeRel|x64.ActiveCfg = Release|Win32
		{C406DAEC-0886-4771-8DEA-9D7329B46CC1}.MinSizeRel|x64.Build.0 = Release|Win32
		{C406DAEC-0886-4771-8DEA-9D7329B46CC1}.MinSizeRel|x64.Deploy.0 = Release|Win32
		{C406DAEC-0886-4771-8DEA-9D7329B46CC1}.Release|Any CPU.ActiveCfg = Release|Win32
		{C406DAEC-0886-4771-8DEA-9D7329B46CC1}.Release|Mixed Platforms.ActiveCfg = Release|Win32
		{C406DAEC-0886-4771-8DEA-9D7329B46CC1}.Release|Mixed Platforms.Build.0 = Release|Win32
		{C406DAEC-0886-4771-8DEA-9D7329B46CC1}.Release|Win32.ActiveCfg = Release|Win32
		{C406DAEC-0886-4771-8DEA-9D7329B46CC1}.Release|Win32.Build.0 = Release|Win32
		{C406DAEC-0886-4771-8DEA-9D7329B46CC1}.Release|x64.ActiveCfg = Release|Win32
		{C406DAEC-0886-4771-8DEA-9D7329B46CC1}.RelWithDebInfo|Any CPU.ActiveCfg = Release|Win32
		{C406DAEC-0886-4771-8DEA-9D7329B46CC1}.RelWithDebInfo|Mixed Platforms.ActiveCfg = Release|Win32
		{C406DAEC-0886-4771-8DEA-9D7329B46CC1}.RelWithDebInfo|Mixed Platforms.Build.0 = Release|Win32
		{C406DAEC-0886-4771-8DEA-9D7329B46CC1}.RelWithDebInfo|Win32.ActiveCfg = Release|Win32
		{C406DAEC-0886-4771-8DEA-9D7329B46CC1}.RelWithDebInfo|Win32.Build.0 = Release|Win32
		{C406DAEC-0886-4771-8DEA-9D7329B46CC1}.RelWithDebInfo|x64.ActiveCfg = Release|Win32
		{C406DAEC-0886-4771-8DEA-9D7329B46CC1}.RelWithDebInfo|x64.Build.0 = Release|Win32
		{C406DAEC-0886-4771-8DEA-9D7329B46CC1}.RelWithDebInfo|x64.Deploy.0 = Release|Win32
		{44DE8119-3F2C-488B-A705-5FC07D880284}.Debug|Any CPU.ActiveCfg = Debug|Win32
		{44DE8119-3F2C-488B-A705-5FC07D880284}.Debug|Mixed Platforms.ActiveCfg = Debug|Win32
		{44DE8119-3F2C-488B-A705-5FC07D880284}.Debug|Mixed Platforms.Build.0 = Debug|Win32
		{44DE8119-3F2C-488B-A705-5FC07D880284}.Debug|Win32.ActiveCfg = Debug|Win32
		{44DE8119-3F2C-488B-A705-5FC07D880284}.Debug|Win32.Build.0 = Debug|Win32
		{44DE8119-3F2C-488B-A705-5FC07D880284}.Debug|x64.ActiveCfg = Debug|Win32
		{44DE8119-3F2C-488B-A705-5FC07D880284}.DLL_Release|Any CPU.ActiveCfg = DLL_Release|Win32
		{44DE8119-3F2C-488B-A705-5FC07D880284}.DLL_Release|Mixed Platforms.ActiveCfg = DLL_Release|Win32
		{44DE8119-3F2C-488B-A705-5FC07D880284}.DLL_Release|Mixed Platforms.Build.0 = DLL_Release|Win32
		{44DE8119-3F2C-488B-A705-5FC07D880284}.DLL_Release|Win32.ActiveCfg = DLL_Release|Win32
		{44DE8119-3F2C-488B-A705-5FC07D880284}.DLL_Release|Win32.Build.0 = DLL_Release|Win32
		{44DE8119-3F2C-488B-A705-5FC07D880284}.DLL_Release|x64.ActiveCfg = DLL_Release|Win32
		{44DE8119-3F2C-488B-A705-5FC07D880284}.MinSizeRel|Any CPU.ActiveCfg = Release|Win32
		{44DE8119-3F2C-488B-A705-5FC07D880284}.MinSizeRel|Mixed Platforms.ActiveCfg = Release|Win32
		{44DE8119-3F2C-488B-A705-5FC07D880284}.MinSizeRel|Mixed Platforms.Build.0 = Release|Win32
		{44DE8119-3F2C-488B-A705-5FC07D880284}.MinSizeRel|Win32.ActiveCfg = Release|Win32
		{44DE8119-3F2C-488B-A705-5FC07D880284}.MinSizeRel|Win32.Build.0 = Release|Win32
		{44DE8119-3F2C-488B-A705-5FC07D880284}.MinSizeRel|x64.ActiveCfg = Release|Win32
		{44DE8119-3F2C-488B-A705-5FC07D880284}.MinSizeRel|x64.Build.0 = Release|Win32
		{44DE8119-3F2C-488B-A705-5FC07D880284}.MinSizeRel|x64.Deploy.0 = Release|Win32
		{44DE8119-3F2C-488B-A705-5FC07D880284}.Release|Any CPU.ActiveCfg = Release|Win32
		{44DE8119-3F2C-488B-A705-5FC07D880284}.Release|Mixed Platforms.ActiveCfg = Release|Win32
		{44DE8119-3F2C-488B-A705-5FC07D880284}.Release|Mixed Platforms.Build.0 = Release|Win32
		{44DE8119-3F2C-488B-A705-5FC07D880284}.Release|Win32.ActiveCfg = Release|Win32
		{44DE8119-3F2C-488B-A705-5FC07D880284}.Release|Win32.Build.0 = Release|Win32
		{44DE8119-3F2C-488B-A705-5FC07D880284}.Release|x64.ActiveCfg = Release|Win32
		{44DE8119-3F2C-488B-A705-5FC07D880284}.RelWithDebInfo|Any CPU.ActiveCfg = Release|Win32
		{44DE8119-3F2C-488B-A705-5FC07D880284}.RelWithDebInfo|Mixed Platforms.ActiveCfg = Release|Win32
		{44DE8119-3F2C-488B-A705-5FC07D880284}.RelWithDebInfo|Mixed Platforms.Build.0 = Release|Win32
		{44DE8119-3F2C-488B-A705-5FC07D880284}.RelWithDebInfo|Win32.ActiveCfg = Release|Win32
		{44DE8119-3F2C-488B-A705-5FC07D880284}.RelWithDebInfo|Win32.Build.0 = Release|Win32
		{44DE8119-3F2C-488B-A705-5FC07D880284}.RelWithDebInfo|x64.ActiveCfg = Release|Win32
		{44DE8119-3F2C-488B-A705-5FC07D880284}.RelWithDebInfo|x64.Build.0 = Release|Win32
		{44DE8119-3F2C-488B-A705-5FC07D880284}.RelWithDebInfo|x64.Deploy.0 = Release|Win32
		{1F6743B1-3B59-4418-9FB0-6AA17266F14F}.Debug|Any CPU.ActiveCfg = Debug|Win32
		{1F6743B1-3B59-4418-9FB0-6AA17266F14F}.Debug|Mixed Platforms.ActiveCfg = Debug|Win32
		{1F6743B1-3B59-4418-9FB0-6AA17266F14F}.Debug|Mixed Platforms.Build.0 = Debug|Win32
		{1F6743B1-3B59-4418-9FB0-6AA17266F14F}.Debug|Win32.ActiveCfg = Debug|Win32
		{1F6743B1-3B59-4418-9FB0-6AA17266F14F}.Debug|Win32.Build.0 = Debug|Win32
		{1F6743B1-3B59-4418-9FB0-6AA17266F14F}.Debug|x64.ActiveCfg = Debug|Win32
		{1F6743B1-3B59-4418-9FB0-6AA17266F14F}.DLL_Release|Any CPU.ActiveCfg = DLL_Release|Win32
		{1F6743B1-3B59-4418-9FB0-6AA17266F14F}.DLL_Release|Mixed Platforms.ActiveCfg = DLL_Release|Win32
		{1F6743B1-3B59-4418-9FB0-6AA17266F14F}.DLL_Release|Mixed Platforms.Build.0 = DLL_Release|Win32
		{1F6743B1-3B59-4418-9FB0-6AA17266F14F}.DLL_Release|Win32.ActiveCfg = DLL_Release|Win32
		{1F6743B1-3B59-4418-9FB0-6AA17266F14F}.DLL_Release|Win32.Build.0 = DLL_Release|Win32
		{1F6743B1-3B59-4418-9FB0-6AA17266F14F}.DLL_Release|x64.ActiveCfg = DLL_Release|Win32
		{1F6743B1-3B59-4418-9FB0-6AA17266F14F}.MinSizeRel|Any CPU.ActiveCfg = Release|Win32
		{1F6743B1-3B59-4418-9FB0-6AA17266F14F}.MinSizeRel|Mixed Platforms.ActiveCfg = Release|Win32
		{1F6743B1-3B59-4418-9FB0-6AA17266F14F}.MinSizeRel|Mixed Platforms.Build.0 = Release|Win32
		{1F6743B1-3B59-4418-9FB0-6AA17266F14F}.MinSizeRel|Win32.ActiveCfg = Release|Win32
		{1F6743B1-3B59-4418-9FB0-6AA17266F14F}.MinSizeRel|Win32.Build.0 = Release|Win32
		{1F6743B1-3B59-4418-9FB0-6AA17266F14F}.MinSizeRel|x64.ActiveCfg = Release|Win32
		{1F6743B1-3B59-4418-9FB0-6AA17266F14F}.MinSizeRel|x64.Build.0 = Release|Win32
		{1F6743B1-3B59-4418-9FB0-6AA17266F14F}.MinSizeRel|x64.Deploy.0 = Release|Win32
		{1F6743B1-3B59-4418-9FB0-6AA17266F14F}.Release|Any CPU.ActiveCfg = Release|Win32
		{1F6743B1-3B59-4418-9FB0-6AA17266F14F}.Release|Mixed Platforms.ActiveCfg = Release|Win32
		{1F6743B1-3B59-4418-9FB0-6AA17266F14F}.Release|Mixed Platforms.Build.0 = Release|Win32
		{1F6743B1-3B59-4418-9FB0-6AA17266F14F}.Release|Win32.ActiveCfg = Release|Win32
		{1F6743B1-3B59-4418-9FB0-6AA17266F14F}.Release|Win32.Build.0 = Release|Win32
		{1F6743B1-3B59-4418-9FB0-6AA17266F14F}.Release|x64.ActiveCfg = Release|Win32
		{1F6743B1-3B59-4418-9FB0-6AA17266F14F}.RelWithDebInfo|Any CPU.ActiveCfg = Release|Win32
		{1F6743B1-3B59-4418-9FB0-6AA17266F14F}.RelWithDebInfo|Mixed Platforms.ActiveCfg = Release|Win32
		{1F6743B1-3B59-4418-9FB0-6AA17266F14F}.RelWithDebInfo|Mixed Platforms.Build.0 = Release|Win32
		{1F6743B1-3B59-4418-9FB0-6AA17266F14F}.RelWithDebInfo|Win32.ActiveCfg = Release|Win32
		{1F6743B1-3B59-4418-9FB0-6AA17266F14F}.RelWithDebInfo|Win32.Build.0 = Release|Win32
		{1F6743B1-3B59-4418-9FB0-6AA17266F14F}.RelWithDebInfo|x64.ActiveCfg = Release|Win32
		{1F6743B1-3B59-4418-9FB0-6AA17266F14F}.RelWithDebInfo|x64.Build.0 = Release|Win32
		{1F6743B1-3B59-4418-9FB0-6AA17266F14F}.RelWithDebInfo|x64.Deploy.0 = Release|Win32
		{A1BBF35D-C801-38E9-83C5-03FD343D075D}.Debug|Any CPU.ActiveCfg = Debug|Win32
		{A1BBF35D-C801-38E9-83C5-03FD343D075D}.Debug|Mixed Platforms.ActiveCfg = Debug|Win32
		{A1BBF35D-C801-38E9-83C5-03FD343D075D}.Debug|Mixed Platforms.Build.0 = Debug|Win32
		{A1BBF35D-C801-38E9-83C5-03FD343D075D}.Debug|Win32.ActiveCfg = Debug|Win32
		{A1BBF35D-C801-38E9-83C5-03FD343D075D}.Debug|Win32.Build.0 = Debug|Win32
		{A1BBF35D-C801-38E9-83C5-03FD343D075D}.Debug|x64.ActiveCfg = Debug|Win32
		{A1BBF35D-C801-38E9-83C5-03FD343D075D}.DLL_Release|Any CPU.ActiveCfg = Release|Win32
		{A1BBF35D-C801-38E9-83C5-03FD343D075D}.DLL_Release|Mixed Platforms.ActiveCfg = Release|Win32
		{A1BBF35D-C801-38E9-83C5-03FD343D075D}.DLL_Release|Mixed Platforms.Build.0 = Release|Win32
		{A1BBF35D-C801-38E9-83C5-03FD343D075D}.DLL_Release|Win32.ActiveCfg = Release|Win32
		{A1BBF35D-C801-38E9-83C5-03FD343D075D}.DLL_Release|Win32.Build.0 = Release|Win32
		{A1BBF35D-C801-38E9-83C5-03FD343D075D}.DLL_Release|x64.ActiveCfg = RelWithDebInfo|Win32
		{A1BBF35D-C801-38E9-83C5-03FD343D075D}.DLL_Release|x64.Build.0 = RelWithDebInfo|Win32
		{A1BBF35D-C801-38E9-83C5-03FD343D075D}.MinSizeRel|Any CPU.ActiveCfg = MinSizeRel|Win32
		{A1BBF35D-C801-38E9-83C5-03FD343D075D}.MinSizeRel|Mixed Platforms.ActiveCfg = MinSizeRel|Win32
		{A1BBF35D-C801-38E9-83C5-03FD343D075D}.MinSizeRel|Mixed Platforms.Build.0 = MinSizeRel|Win32
		{A1BBF35D-C801-38E9-83C5-03FD343D075D}.MinSizeRel|Win32.ActiveCfg = MinSizeRel|Win32
		{A1BBF35D-C801-38E9-83C5-03FD343D075D}.MinSizeRel|Win32.Build.0 = MinSizeRel|Win32
		{A1BBF35D-C801-38E9-83C5-03FD343D075D}.MinSizeRel|x64.ActiveCfg = MinSizeRel|Win32
		{A1BBF35D-C801-38E9-83C5-03FD343D075D}.Release|Any CPU.ActiveCfg = Release|Win32
		{A1BBF35D-C801-38E9-83C5-03FD343D075D}.Release|Mixed Platforms.ActiveCfg = Release|Win32
		{A1BBF35D-C801-38E9-83C5-03FD343D075D}.Release|Mixed Platforms.Build.0 = Release|Win32
		{A1BBF35D-C801-38E9-83C5-03FD343D075D}.Release|Win32.ActiveCfg = Release|Win32
		{A1BBF35D-C801-38E9-83C5-03FD343D075D}.Release|x64.ActiveCfg = Release|Win32
		{A1BBF35D-C801-38E9-83C5-03FD343D075D}.RelWithDebInfo|Any CPU.ActiveCfg = RelWithDebInfo|Win32
		{A1BBF35D-C801-38E9-83C5-03FD343D075D}.RelWithDebInfo|Mixed Platforms.ActiveCfg = RelWithDebInfo|Win32
		{A1BBF35D-C801-38E9-83C5-03FD343D075D}.RelWithDebInfo|Mixed Platforms.Build.0 = RelWithDebInfo|Win32
		{A1BBF35D-C801-38E9-83C5-03FD343D075D}.RelWithDebInfo|Win32.ActiveCfg = RelWithDebInfo|Win32
		{A1BBF35D-C801-38E9-83C5-03FD343D075D}.RelWithDebInfo|Win32.Build.0 = RelWithDebInfo|Win32
		{A1BBF35D-C801-38E9-83C5-03FD343D075D}.RelWithDebInfo|x64.ActiveCfg = RelWithDebInfo|Win32
		{3E08BC81-0267-41DF-93D2-41CCC4BAE5F2}.Debug|Any CPU.ActiveCfg = Debug|Win32
		{3E08BC81-0267-41DF-93D2-41CCC4BAE5F2}.Debug|Mixed Platforms.ActiveCfg = Debug|Win32
		{3E08BC81-0267-41DF-93D2-41CCC4BAE5F2}.Debug|Mixed Platforms.Build.0 = Debug|Win32
		{3E08BC81-0267-41DF-93D2-41CCC4BAE5F2}.Debug|Win32.ActiveCfg = Debug|Win32
		{3E08BC81-0267-41DF-93D2-41CCC4BAE5F2}.Debug|x64.ActiveCfg = Debug|Win32
		{3E08BC81-0267-41DF-93D2-41CCC4BAE5F2}.DLL_Release|Any CPU.ActiveCfg = Release|Win32
		{3E08BC81-0267-41DF-93D2-41CCC4BAE5F2}.DLL_Release|Mixed Platforms.ActiveCfg = Release|Win32
		{3E08BC81-0267-41DF-93D2-41CCC4BAE5F2}.DLL_Release|Mixed Platforms.Build.0 = Release|Win32
		{3E08BC81-0267-41DF-93D2-41CCC4BAE5F2}.DLL_Release|Win32.ActiveCfg = Release|Win32
		{3E08BC81-0267-41DF-93D2-41CCC4BAE5F2}.DLL_Release|Win32.Build.0 = Release|Win32
		{3E08BC81-0267-41DF-93D2-41CCC4BAE5F2}.DLL_Release|x64.ActiveCfg = RelWithDebInfo|Win32
		{3E08BC81-0267-41DF-93D2-41CCC4BAE5F2}.DLL_Release|x64.Build.0 = RelWithDebInfo|Win32
		{3E08BC81-0267-41DF-93D2-41CCC4BAE5F2}.DLL_Release|x64.Deploy.0 = RelWithDebInfo|Win32
		{3E08BC81-0267-41DF-93D2-41CCC4BAE5F2}.MinSizeRel|Any CPU.ActiveCfg = MinSizeRel|Win32
		{3E08BC81-0267-41DF-93D2-41CCC4BAE5F2}.MinSizeRel|Mixed Platforms.ActiveCfg = MinSizeRel|Win32
		{3E08BC81-0267-41DF-93D2-41CCC4BAE5F2}.MinSizeRel|Mixed Platforms.Build.0 = MinSizeRel|Win32
		{3E08BC81-0267-41DF-93D2-41CCC4BAE5F2}.MinSizeRel|Win32.ActiveCfg = MinSizeRel|Win32
		{3E08BC81-0267-41DF-93D2-41CCC4BAE5F2}.MinSizeRel|x64.ActiveCfg = MinSizeRel|Win32
		{3E08BC81-0267-41DF-93D2-41CCC4BAE5F2}.Release|Any CPU.ActiveCfg = Release|Win32
		{3E08BC81-0267-41DF-93D2-41CCC4BAE5F2}.Release|Mixed Platforms.ActiveCfg = Release|Win32
		{3E08BC81-0267-41DF-93D2-41CCC4BAE5F2}.Release|Mixed Platforms.Build.0 = Release|Win32
		{3E08BC81-0267-41DF-93D2-41CCC4BAE5F2}.Release|Win32.ActiveCfg = Release|Win32
		{3E08BC81-0267-41DF-93D2-41CCC4BAE5F2}.Release|x64.ActiveCfg = Release|Win32
		{3E08BC81-0267-41DF-93D2-41CCC4BAE5F2}.RelWithDebInfo|Any CPU.ActiveCfg = RelWithDebInfo|Win32
		{3E08BC81-0267-41DF-93D2-41CCC4BAE5F2}.RelWithDebInfo|Mixed Platforms.ActiveCfg = RelWithDebInfo|Win32
		{3E08BC81-0267-41DF-93D2-41CCC4BAE5F2}.RelWithDebInfo|Mixed Platforms.Build.0 = RelWithDebInfo|Win32
		{3E08BC81-0267-41DF-93D2-41CCC4BAE5F2}.RelWithDebInfo|Win32.ActiveCfg = RelWithDebInfo|Win32
		{3E08BC81-0267-41DF-93D2-41CCC4BAE5F2}.RelWithDebInfo|x64.ActiveCfg = RelWithDebInfo|Win32
		{B8D8BD01-116E-4880-9774-6EFB5E809825}.Debug|Any CPU.ActiveCfg = Debug|Any CPU
		{B8D8BD01-116E-4880-9774-6EFB5E809825}.Debug|Any CPU.Build.0 = Debug|Any CPU
		{B8D8BD01-116E-4880-9774-6EFB5E809825}.Debug|Mixed Platforms.ActiveCfg = Debug|Any CPU
		{B8D8BD01-116E-4880-9774-6EFB5E809825}.Debug|Mixed Platforms.Build.0 = Debug|Any CPU
		{B8D8BD01-116E-4880-9774-6EFB5E809825}.Debug|Win32.ActiveCfg = Debug|Any CPU
		{B8D8BD01-116E-4880-9774-6EFB5E809825}.Debug|x64.ActiveCfg = Debug|Any CPU
		{B8D8BD01-116E-4880-9774-6EFB5E809825}.Debug|x64.Build.0 = Debug|Any CPU
		{B8D8BD01-116E-4880-9774-6EFB5E809825}.DLL_Release|Any CPU.ActiveCfg = Release|Any CPU
		{B8D8BD01-116E-4880-9774-6EFB5E809825}.DLL_Release|Any CPU.Build.0 = Release|Any CPU
		{B8D8BD01-116E-4880-9774-6EFB5E809825}.DLL_Release|Mixed Platforms.ActiveCfg = Release|Any CPU
		{B8D8BD01-116E-4880-9774-6EFB5E809825}.DLL_Release|Mixed Platforms.Build.0 = Release|Any CPU
		{B8D8BD01-116E-4880-9774-6EFB5E809825}.DLL_Release|Win32.ActiveCfg = Release|Any CPU
		{B8D8BD01-116E-4880-9774-6EFB5E809825}.DLL_Release|x64.ActiveCfg = Release|Any CPU
		{B8D8BD01-116E-4880-9774-6EFB5E809825}.DLL_Release|x64.Build.0 = Release|Any CPU
		{B8D8BD01-116E-4880-9774-6EFB5E809825}.MinSizeRel|Any CPU.ActiveCfg = Release|Any CPU
		{B8D8BD01-116E-4880-9774-6EFB5E809825}.MinSizeRel|Any CPU.Build.0 = Release|Any CPU
		{B8D8BD01-116E-4880-9774-6EFB5E809825}.MinSizeRel|Mixed Platforms.ActiveCfg = Release|Any CPU
		{B8D8BD01-116E-4880-9774-6EFB5E809825}.MinSizeRel|Mixed Platforms.Build.0 = Release|Any CPU
		{B8D8BD01-116E-4880-9774-6EFB5E809825}.MinSizeRel|Win32.ActiveCfg = Release|Any CPU
		{B8D8BD01-116E-4880-9774-6EFB5E809825}.MinSizeRel|x64.ActiveCfg = Release|Any CPU
		{B8D8BD01-116E-4880-9774-6EFB5E809825}.MinSizeRel|x64.Build.0 = Release|Any CPU
		{B8D8BD01-116E-4880-9774-6EFB5E809825}.Release|Any CPU.ActiveCfg = Release|Any CPU
		{B8D8BD01-116E-4880-9774-6EFB5E809825}.Release|Any CPU.Build.0 = Release|Any CPU
		{B8D8BD01-116E-4880-9774-6EFB5E809825}.Release|Mixed Platforms.ActiveCfg = Release|Any CPU
		{B8D8BD01-116E-4880-9774-6EFB5E809825}.Release|Mixed Platforms.Build.0 = Release|Any CPU
		{B8D8BD01-116E-4880-9774-6EFB5E809825}.Release|Win32.ActiveCfg = Release|Any CPU
		{B8D8BD01-116E-4880-9774-6EFB5E809825}.Release|x64.ActiveCfg = Release|Any CPU
		{B8D8BD01-116E-4880-9774-6EFB5E809825}.Release|x64.Build.0 = Release|Any CPU
		{B8D8BD01-116E-4880-9774-6EFB5E809825}.RelWithDebInfo|Any CPU.ActiveCfg = Release|Any CPU
		{B8D8BD01-116E-4880-9774-6EFB5E809825}.RelWithDebInfo|Any CPU.Build.0 = Release|Any CPU
		{B8D8BD01-116E-4880-9774-6EFB5E809825}.RelWithDebInfo|Mixed Platforms.ActiveCfg = Release|Any CPU
		{B8D8BD01-116E-4880-9774-6EFB5E809825}.RelWithDebInfo|Mixed Platforms.Build.0 = Release|Any CPU
		{B8D8BD01-116E-4880-9774-6EFB5E809825}.RelWithDebInfo|Win32.ActiveCfg = Release|Any CPU
		{B8D8BD01-116E-4880-9774-6EFB5E809825}.RelWithDebInfo|x64.ActiveCfg = Release|Any CPU
		{B8D8BD01-116E-4880-9774-6EFB5E809825}.RelWithDebInfo|x64.Build.0 = Release|Any CPU
		{894C0326-4C3E-4C47-A718-3B6945E55DE8}.Debug|Any CPU.ActiveCfg = Debug|Win32
		{894C0326-4C3E-4C47-A718-3B6945E55DE8}.Debug|Mixed Platforms.ActiveCfg = Debug|Win32
		{894C0326-4C3E-4C47-A718-3B6945E55DE8}.Debug|Mixed Platforms.Build.0 = Debug|Win32
		{894C0326-4C3E-4C47-A718-3B6945E55DE8}.Debug|Win32.ActiveCfg = Debug|Win32
		{894C0326-4C3E-4C47-A718-3B6945E55DE8}.Debug|Win32.Build.0 = Debug|Win32
		{894C0326-4C3E-4C47-A718-3B6945E55DE8}.Debug|x64.ActiveCfg = Debug|x64
		{894C0326-4C3E-4C47-A718-3B6945E55DE8}.Debug|x64.Build.0 = Debug|x64
		{894C0326-4C3E-4C47-A718-3B6945E55DE8}.DLL_Release|Any CPU.ActiveCfg = Release|x64
		{894C0326-4C3E-4C47-A718-3B6945E55DE8}.DLL_Release|Any CPU.Build.0 = Release|x64
		{894C0326-4C3E-4C47-A718-3B6945E55DE8}.DLL_Release|Mixed Platforms.ActiveCfg = Release|Win32
		{894C0326-4C3E-4C47-A718-3B6945E55DE8}.DLL_Release|Mixed Platforms.Build.0 = Release|Win32
		{894C0326-4C3E-4C47-A718-3B6945E55DE8}.DLL_Release|Win32.ActiveCfg = Release|Win32
		{894C0326-4C3E-4C47-A718-3B6945E55DE8}.DLL_Release|Win32.Build.0 = Release|Win32
		{894C0326-4C3E-4C47-A718-3B6945E55DE8}.DLL_Release|x64.ActiveCfg = Release|x64
		{894C0326-4C3E-4C47-A718-3B6945E55DE8}.DLL_Release|x64.Build.0 = Release|x64
		{894C0326-4C3E-4C47-A718-3B6945E55DE8}.MinSizeRel|Any CPU.ActiveCfg = Release|x64
		{894C0326-4C3E-4C47-A718-3B6945E55DE8}.MinSizeRel|Any CPU.Build.0 = Release|x64
		{894C0326-4C3E-4C47-A718-3B6945E55DE8}.MinSizeRel|Mixed Platforms.ActiveCfg = Release|Win32
		{894C0326-4C3E-4C47-A718-3B6945E55DE8}.MinSizeRel|Mixed Platforms.Build.0 = Release|Win32
		{894C0326-4C3E-4C47-A718-3B6945E55DE8}.MinSizeRel|Win32.ActiveCfg = Release|Win32
		{894C0326-4C3E-4C47-A718-3B6945E55DE8}.MinSizeRel|Win32.Build.0 = Release|Win32
		{894C0326-4C3E-4C47-A718-3B6945E55DE8}.MinSizeRel|x64.ActiveCfg = Release|x64
		{894C0326-4C3E-4C47-A718-3B6945E55DE8}.MinSizeRel|x64.Build.0 = Release|x64
		{894C0326-4C3E-4C47-A718-3B6945E55DE8}.Release|Any CPU.ActiveCfg = Release|Win32
		{894C0326-4C3E-4C47-A718-3B6945E55DE8}.Release|Mixed Platforms.ActiveCfg = Release|Win32
		{894C0326-4C3E-4C47-A718-3B6945E55DE8}.Release|Mixed Platforms.Build.0 = Release|Win32
		{894C0326-4C3E-4C47-A718-3B6945E55DE8}.Release|Win32.ActiveCfg = Release|Win32
		{894C0326-4C3E-4C47-A718-3B6945E55DE8}.Release|Win32.Build.0 = Release|Win32
		{894C0326-4C3E-4C47-A718-3B6945E55DE8}.Release|x64.ActiveCfg = Release|x64
		{894C0326-4C3E-4C47-A718-3B6945E55DE8}.Release|x64.Build.0 = Release|x64
		{894C0326-4C3E-4C47-A718-3B6945E55DE8}.RelWithDebInfo|Any CPU.ActiveCfg = Release|x64
		{894C0326-4C3E-4C47-A718-3B6945E55DE8}.RelWithDebInfo|Any CPU.Build.0 = Release|x64
		{894C0326-4C3E-4C47-A718-3B6945E55DE8}.RelWithDebInfo|Mixed Platforms.ActiveCfg = Release|Win32
		{894C0326-4C3E-4C47-A718-3B6945E55DE8}.RelWithDebInfo|Mixed Platforms.Build.0 = Release|Win32
		{894C0326-4C3E-4C47-A718-3B6945E55DE8}.RelWithDebInfo|Win32.ActiveCfg = Release|Win32
		{894C0326-4C3E-4C47-A718-3B6945E55DE8}.RelWithDebInfo|Win32.Build.0 = Release|Win32
		{894C0326-4C3E-4C47-A718-3B6945E55DE8}.RelWithDebInfo|x64.ActiveCfg = Release|x64
		{894C0326-4C3E-4C47-A718-3B6945E55DE8}.RelWithDebInfo|x64.Build.0 = Release|x64
	EndGlobalSection
	GlobalSection(SolutionProperties) = preSolution
		HideSolutionNode = FALSE
	EndGlobalSection
	GlobalSection(ExtensibilityGlobals) = postSolution
		SolutionGuid = {D7D2F4C8-DEE1-49DD-A85F-81F2F6050674}
	EndGlobalSection
EndGlobal
